
Microsoft Visual Studio Solution File, Format Version 12.00
# Visual Studio 15
VisualStudioVersion = 15.0.26730.12
MinimumVisualStudioVersion = 10.0.40219.1
Project("{FAE04EC0-301F-11D3-BF4B-00C04F79EFBC}") = "OneRing", "OneRing\OneRing.csproj", "{F4398CD0-C05E-4BF1-A6C5-15A803CCF6DC}"
EndProject
Project("{FAE04EC0-301F-11D3-BF4B-00C04F79EFBC}") = "ToDoStaticSource", "ToDoStaticSource\ToDoStaticSource.csproj", "{A89F71F8-C3BE-4F31-8C05-B4E605744B38}"
EndProject
Project("{FAE04EC0-301F-11D3-BF4B-00C04F79EFBC}") = "TodoTestSite", "TodoTestSite\TodoTestSite.csproj", "{06635766-9782-4517-9F1B-6F39FB782BEB}"
EndProject
Project("{FAE04EC0-301F-11D3-BF4B-00C04F79EFBC}") = "TodoTestSite2", "TodoTestSite2\TodoTestSite2.csproj", "{2F2F4608-40FF-41B8-82B7-15D8B55E9905}"
EndProject
Global
	GlobalSection(SolutionConfigurationPlatforms) = preSolution
		Debug|Any CPU = Debug|Any CPU
		Release|Any CPU = Release|Any CPU
	EndGlobalSection
	GlobalSection(ProjectConfigurationPlatforms) = postSolution
		{F4398CD0-C05E-4BF1-A6C5-15A803CCF6DC}.Debug|Any CPU.ActiveCfg = Debug|Any CPU
		{F4398CD0-C05E-4BF1-A6C5-15A803CCF6DC}.Debug|Any CPU.Build.0 = Debug|Any CPU
		{F4398CD0-C05E-4BF1-A6C5-15A803CCF6DC}.Release|Any CPU.ActiveCfg = Release|Any CPU
		{F4398CD0-C05E-4BF1-A6C5-15A803CCF6DC}.Release|Any CPU.Build.0 = Release|Any CPU
		{A89F71F8-C3BE-4F31-8C05-B4E605744B38}.Debug|Any CPU.ActiveCfg = Debug|Any CPU
		{A89F71F8-C3BE-4F31-8C05-B4E605744B38}.Debug|Any CPU.Build.0 = Debug|Any CPU
		{A89F71F8-C3BE-4F31-8C05-B4E605744B38}.Release|Any CPU.ActiveCfg = Release|Any CPU
		{A89F71F8-C3BE-4F31-8C05-B4E605744B38}.Release|Any CPU.Build.0 = Release|Any CPU
		{06635766-9782-4517-9F1B-6F39FB782BEB}.Debug|Any CPU.ActiveCfg = Debug|Any CPU
		{06635766-9782-4517-9F1B-6F39FB782BEB}.Debug|Any CPU.Build.0 = Debug|Any CPU
		{06635766-9782-4517-9F1B-6F39FB782BEB}.Release|Any CPU.ActiveCfg = Release|Any CPU
		{06635766-9782-4517-9F1B-6F39FB782BEB}.Release|Any CPU.Build.0 = Release|Any CPU
		{2F2F4608-40FF-41B8-82B7-15D8B55E9905}.Debug|Any CPU.ActiveCfg = Debug|Any CPU
		{2F2F4608-40FF-41B8-82B7-15D8B55E9905}.Debug|Any CPU.Build.0 = Debug|Any CPU
		{2F2F4608-40FF-41B8-82B7-15D8B55E9905}.Release|Any CPU.ActiveCfg = Release|Any CPU
		{2F2F4608-40FF-41B8-82B7-15D8B55E9905}.Release|Any CPU.Build.0 = Release|Any CPU
	EndGlobalSection
	GlobalSection(SolutionProperties) = preSolution
		HideSolutionNode = FALSE
	EndGlobalSection
	GlobalSection(ExtensibilityGlobals) = postSolution
		SolutionGuid = {6A2C1B0D-22C9-4B9D-B922-42E7A1B7CF88}
	EndGlobalSection
EndGlobal
